// !$*UTF8*$!
{
	archiveVersion = 1;
	classes = {
	};
	objectVersion = 56;
	objects = {

/* Begin PBXBuildFile section */
		F15FF4B129792ECA0029906C /* LocationsView.swift in Sources */ = {isa = PBXBuildFile; fileRef = F15FF4B029792ECA0029906C /* LocationsView.swift */; };
		F15FF4B32979307C0029906C /* LocationsViewModel.swift in Sources */ = {isa = PBXBuildFile; fileRef = F15FF4B22979307C0029906C /* LocationsViewModel.swift */; };
		F15FF4B8297935EE0029906C /* LocationsListView.swift in Sources */ = {isa = PBXBuildFile; fileRef = F15FF4B7297935EE0029906C /* LocationsListView.swift */; };
		F15FF4BA29793A1A0029906C /* LocationPreviewView.swift in Sources */ = {isa = PBXBuildFile; fileRef = F15FF4B929793A1A0029906C /* LocationPreviewView.swift */; };
		F15FF4BC297962E80029906C /* LocationMapAnotationView.swift in Sources */ = {isa = PBXBuildFile; fileRef = F15FF4BB297962E80029906C /* LocationMapAnotationView.swift */; };
		F15FF4BE297965830029906C /* LocationDetailsView.swift in Sources */ = {isa = PBXBuildFile; fileRef = F15FF4BD297965830029906C /* LocationDetailsView.swift */; };
		F1BAB0D72979280800346AFE /* SwiftfulMapApp.swift in Sources */ = {isa = PBXBuildFile; fileRef = F1BAB0D62979280800346AFE /* SwiftfulMapApp.swift */; };
		F1BAB0E8297928FC00346AFE /* Location.swift in Sources */ = {isa = PBXBuildFile; fileRef = F1BAB0E7297928FC00346AFE /* Location.swift */; };
		F1C2A3F929792A2B0041EE5F /* Assets.xcassets in Resources */ = {isa = PBXBuildFile; fileRef = F1C2A3F829792A2B0041EE5F /* Assets.xcassets */; };
		F1C2A3FC29792A570041EE5F /* LocationsDataService.swift in Sources */ = {isa = PBXBuildFile; fileRef = F1C2A3FB29792A570041EE5F /* LocationsDataService.swift */; };
/* End PBXBuildFile section */

/* Begin PBXFileReference section */
		F15FF4B029792ECA0029906C /* LocationsView.swift */ = {isa = PBXFileReference; lastKnownFileType = sourcecode.swift; path = LocationsView.swift; sourceTree = "<group>"; };
		F15FF4B22979307C0029906C /* LocationsViewModel.swift */ = {isa = PBXFileReference; lastKnownFileType = sourcecode.swift; path = LocationsViewModel.swift; sourceTree = "<group>"; };
		F15FF4B7297935EE0029906C /* LocationsListView.swift */ = {isa = PBXFileReference; lastKnownFileType = sourcecode.swift; path = LocationsListView.swift; sourceTree = "<group>"; };
		F15FF4B929793A1A0029906C /* LocationPreviewView.swift */ = {isa = PBXFileReference; lastKnownFileType = sourcecode.swift; path = LocationPreviewView.swift; sourceTree = "<group>"; };
		F15FF4BB297962E80029906C /* LocationMapAnotationView.swift */ = {isa = PBXFileReference; lastKnownFileType = sourcecode.swift; path = LocationMapAnotationView.swift; sourceTree = "<group>"; };
		F15FF4BD297965830029906C /* LocationDetailsView.swift */ = {isa = PBXFileReference; lastKnownFileType = sourcecode.swift; path = LocationDetailsView.swift; sourceTree = "<group>"; };
		F15FF4BF29796F080029906C /* Info.plist */ = {isa = PBXFileReference; lastKnownFileType = text.plist; path = Info.plist; sourceTree = "<group>"; };
		F1BAB0D32979280800346AFE /* SwiftfulMapApp.app */ = {isa = PBXFileReference; explicitFileType = wrapper.application; includeInIndex = 0; path = SwiftfulMapApp.app; sourceTree = BUILT_PRODUCTS_DIR; };
		F1BAB0D62979280800346AFE /* SwiftfulMapApp.swift */ = {isa = PBXFileReference; lastKnownFileType = sourcecode.swift; path = SwiftfulMapApp.swift; sourceTree = "<group>"; };
		F1BAB0E7297928FC00346AFE /* Location.swift */ = {isa = PBXFileReference; lastKnownFileType = sourcecode.swift; path = Location.swift; sourceTree = "<group>"; };
		F1C2A3F829792A2B0041EE5F /* Assets.xcassets */ = {isa = PBXFileReference; lastKnownFileType = folder.assetcatalog; path = Assets.xcassets; sourceTree = "<group>"; };
		F1C2A3FB29792A570041EE5F /* LocationsDataService.swift */ = {isa = PBXFileReference; fileEncoding = 4; lastKnownFileType = sourcecode.swift; path = LocationsDataService.swift; sourceTree = "<group>"; };
/* End PBXFileReference section */

/* Begin PBXFrameworksBuildPhase section */
		F1BAB0D02979280800346AFE /* Frameworks */ = {
			isa = PBXFrameworksBuildPhase;
			buildActionMask = 2147483647;
			files = (
			);
			runOnlyForDeploymentPostprocessing = 0;
		};
/* End PBXFrameworksBuildPhase section */

/* Begin PBXGroup section */
		F1BAB0CA2979280800346AFE = {
			isa = PBXGroup;
			children = (
				F1BAB0D52979280800346AFE /* SwiftfulMapApp */,
				F1BAB0D42979280800346AFE /* Products */,
			);
			sourceTree = "<group>";
		};
		F1BAB0D42979280800346AFE /* Products */ = {
			isa = PBXGroup;
			children = (
				F1BAB0D32979280800346AFE /* SwiftfulMapApp.app */,
			);
			name = Products;
			sourceTree = "<group>";
		};
		F1BAB0D52979280800346AFE /* SwiftfulMapApp */ = {
			isa = PBXGroup;
			children = (
				F15FF4BF29796F080029906C /* Info.plist */,
				F1BAB0E5297928D600346AFE /* Views */,
				F1BAB0E6297928E200346AFE /* ViewModels */,
				F1BAB0E4297928D000346AFE /* Models */,
				F1C2A3FA29792A3F0041EE5F /* Data Services */,
				F1BAB0E92979291500346AFE /* Supporting Files */,
			);
			path = SwiftfulMapApp;
			sourceTree = "<group>";
		};
		F1BAB0E4297928D000346AFE /* Models */ = {
			isa = PBXGroup;
			children = (
				F1BAB0E7297928FC00346AFE /* Location.swift */,
			);
			path = Models;
			sourceTree = "<group>";
		};
		F1BAB0E5297928D600346AFE /* Views */ = {
			isa = PBXGroup;
			children = (
				F15FF4B029792ECA0029906C /* LocationsView.swift */,
				F15FF4B7297935EE0029906C /* LocationsListView.swift */,
				F15FF4B929793A1A0029906C /* LocationPreviewView.swift */,
				F15FF4BB297962E80029906C /* LocationMapAnotationView.swift */,
				F15FF4BD297965830029906C /* LocationDetailsView.swift */,
			);
			path = Views;
			sourceTree = "<group>";
		};
		F1BAB0E6297928E200346AFE /* ViewModels */ = {
			isa = PBXGroup;
			children = (
				F15FF4B22979307C0029906C /* LocationsViewModel.swift */,
			);
			path = ViewModels;
			sourceTree = "<group>";
		};
		F1BAB0E92979291500346AFE /* Supporting Files */ = {
			isa = PBXGroup;
			children = (
				F1C2A3F829792A2B0041EE5F /* Assets.xcassets */,
				F1BAB0D62979280800346AFE /* SwiftfulMapApp.swift */,
			);
			path = "Supporting Files";
			sourceTree = "<group>";
		};
		F1C2A3FA29792A3F0041EE5F /* Data Services */ = {
			isa = PBXGroup;
			children = (
				F1C2A3FB29792A570041EE5F /* LocationsDataService.swift */,
			);
			path = "Data Services";
			sourceTree = "<group>";
		};
/* End PBXGroup section */

/* Begin PBXNativeTarget section */
		F1BAB0D22979280800346AFE /* SwiftfulMapApp */ = {
			isa = PBXNativeTarget;
			buildConfigurationList = F1BAB0E12979280A00346AFE /* Build configuration list for PBXNativeTarget "SwiftfulMapApp" */;
			buildPhases = (
				F1BAB0CF2979280800346AFE /* Sources */,
				F1BAB0D02979280800346AFE /* Frameworks */,
				F1BAB0D12979280800346AFE /* Resources */,
			);
			buildRules = (
			);
			dependencies = (
			);
			name = SwiftfulMapApp;
			productName = SwiftfulMapApp;
			productReference = F1BAB0D32979280800346AFE /* SwiftfulMapApp.app */;
			productType = "com.apple.product-type.application";
		};
/* End PBXNativeTarget section */

/* Begin PBXProject section */
		F1BAB0CB2979280800346AFE /* Project object */ = {
			isa = PBXProject;
			attributes = {
				BuildIndependentTargetsInParallel = 1;
				LastSwiftUpdateCheck = 1410;
				LastUpgradeCheck = 1410;
				TargetAttributes = {
					F1BAB0D22979280800346AFE = {
						CreatedOnToolsVersion = 14.1;
					};
				};
			};
			buildConfigurationList = F1BAB0CE2979280800346AFE /* Build configuration list for PBXProject "SwiftfulMapApp" */;
			compatibilityVersion = "Xcode 14.0";
			developmentRegion = en;
			hasScannedForEncodings = 0;
			knownRegions = (
				en,
				Base,
			);
			mainGroup = F1BAB0CA2979280800346AFE;
			productRefGroup = F1BAB0D42979280800346AFE /* Products */;
			projectDirPath = "";
			projectRoot = "";
			targets = (
				F1BAB0D22979280800346AFE /* SwiftfulMapApp */,
			);
		};
/* End PBXProject section */

/* Begin PBXResourcesBuildPhase section */
		F1BAB0D12979280800346AFE /* Resources */ = {
			isa = PBXResourcesBuildPhase;
			buildActionMask = 2147483647;
			files = (
				F1C2A3F929792A2B0041EE5F /* Assets.xcassets in Resources */,
			);
			runOnlyForDeploymentPostprocessing = 0;
		};
/* End PBXResourcesBuildPhase section */

/* Begin PBXSourcesBuildPhase section */
		F1BAB0CF2979280800346AFE /* Sources */ = {
			isa = PBXSourcesBuildPhase;
			buildActionMask = 2147483647;
			files = (
				F1C2A3FC29792A570041EE5F /* LocationsDataService.swift in Sources */,
				F15FF4B8297935EE0029906C /* LocationsListView.swift in Sources */,
				F15FF4BA29793A1A0029906C /* LocationPreviewView.swift in Sources */,
				F15FF4B129792ECA0029906C /* LocationsView.swift in Sources */,
				F15FF4BE297965830029906C /* LocationDetailsView.swift in Sources */,
				F15FF4BC297962E80029906C /* LocationMapAnotationView.swift in Sources */,
				F1BAB0E8297928FC00346AFE /* Location.swift in Sources */,
				F1BAB0D72979280800346AFE /* SwiftfulMapApp.swift in Sources */,
				F15FF4B32979307C0029906C /* LocationsViewModel.swift in Sources */,
			);
			runOnlyForDeploymentPostprocessing = 0;
		};
/* End PBXSourcesBuildPhase section */

/* Begin XCBuildConfiguration section */
		F1BAB0DF2979280A00346AFE /* Debug */ = {
			isa = XCBuildConfiguration;
			buildSettings = {
				ALWAYS_SEARCH_USER_PATHS = NO;
				CLANG_ANALYZER_NONNULL = YES;
				CLANG_ANALYZER_NUMBER_OBJECT_CONVERSION = YES_AGGRESSIVE;
				CLANG_CXX_LANGUAGE_STANDARD = "gnu++20";
				CLANG_ENABLE_MODULES = YES;
				CLANG_ENABLE_OBJC_ARC = YES;
				CLANG_ENABLE_OBJC_WEAK = YES;
				CLANG_WARN_BLOCK_CAPTURE_AUTORELEASING = YES;
				CLANG_WARN_BOOL_CONVERSION = YES;
				CLANG_WARN_COMMA = YES;
				CLANG_WARN_CONSTANT_CONVERSION = YES;
				CLANG_WARN_DEPRECATED_OBJC_IMPLEMENTATIONS = YES;
				CLANG_WARN_DIRECT_OBJC_ISA_USAGE = YES_ERROR;
				CLANG_WARN_DOCUMENTATION_COMMENTS = YES;
				CLANG_WARN_EMPTY_BODY = YES;
				CLANG_WARN_ENUM_CONVERSION = YES;
				CLANG_WARN_INFINITE_RECURSION = YES;
				CLANG_WARN_INT_CONVERSION = YES;
				CLANG_WARN_NON_LITERAL_NULL_CONVERSION = YES;
				CLANG_WARN_OBJC_IMPLICIT_RETAIN_SELF = YES;
				CLANG_WARN_OBJC_LITERAL_CONVERSION = YES;
				CLANG_WARN_OBJC_ROOT_CLASS = YES_ERROR;
				CLANG_WARN_QUOTED_INCLUDE_IN_FRAMEWORK_HEADER = YES;
				CLANG_WARN_RANGE_LOOP_ANALYSIS = YES;
				CLANG_WARN_STRICT_PROTOTYPES = YES;
				CLANG_WARN_SUSPICIOUS_MOVE = YES;
				CLANG_WARN_UNGUARDED_AVAILABILITY = YES_AGGRESSIVE;
				CLANG_WARN_UNREACHABLE_CODE = YES;
				CLANG_WARN__DUPLICATE_METHOD_MATCH = YES;
				COPY_PHASE_STRIP = NO;
				DEBUG_INFORMATION_FORMAT = dwarf;
				ENABLE_STRICT_OBJC_MSGSEND = YES;
				ENABLE_TESTABILITY = YES;
				GCC_C_LANGUAGE_STANDARD = gnu11;
				GCC_DYNAMIC_NO_PIC = NO;
				GCC_NO_COMMON_BLOCKS = YES;
				GCC_OPTIMIZATION_LEVEL = 0;
				GCC_PREPROCESSOR_DEFINITIONS = (
					"DEBUG=1",
					"$(inherited)",
				);
				GCC_WARN_64_TO_32_BIT_CONVERSION = YES;
				GCC_WARN_ABOUT_RETURN_TYPE = YES_ERROR;
				GCC_WARN_UNDECLARED_SELECTOR = YES;
				GCC_WARN_UNINITIALIZED_AUTOS = YES_AGGRESSIVE;
				GCC_WARN_UNUSED_FUNCTION = YES;
				GCC_WARN_UNUSED_VARIABLE = YES;
				IPHONEOS_DEPLOYMENT_TARGET = 16.1;
				MTL_ENABLE_DEBUG_INFO = INCLUDE_SOURCE;
				MTL_FAST_MATH = YES;
				ONLY_ACTIVE_ARCH = YES;
				SDKROOT = iphoneos;
				SWIFT_ACTIVE_COMPILATION_CONDITIONS = DEBUG;
				SWIFT_OPTIMIZATION_LEVEL = "-Onone";
			};
			name = Debug;
		};
		F1BAB0E02979280A00346AFE /* Release */ = {
			isa = XCBuildConfiguration;
			buildSettings = {
				ALWAYS_SEARCH_USER_PATHS = NO;
				CLANG_ANALYZER_NONNULL = YES;
				CLANG_ANALYZER_NUMBER_OBJECT_CONVERSION = YES_AGGRESSIVE;
				CLANG_CXX_LANGUAGE_STANDARD = "gnu++20";
				CLANG_ENABLE_MODULES = YES;
				CLANG_ENABLE_OBJC_ARC = YES;
				CLANG_ENABLE_OBJC_WEAK = YES;
				CLANG_WARN_BLOCK_CAPTURE_AUTORELEASING = YES;
				CLANG_WARN_BOOL_CONVERSION = YES;
				CLANG_WARN_COMMA = YES;
				CLANG_WARN_CONSTANT_CONVERSION = YES;
				CLANG_WARN_DEPRECATED_OBJC_IMPLEMENTATIONS = YES;
				CLANG_WARN_DIRECT_OBJC_ISA_USAGE = YES_ERROR;
				CLANG_WARN_DOCUMENTATION_COMMENTS = YES;
				CLANG_WARN_EMPTY_BODY = YES;
				CLANG_WARN_ENUM_CONVERSION = YES;
				CLANG_WARN_INFINITE_RECURSION = YES;
				CLANG_WARN_INT_CONVERSION = YES;
				CLANG_WARN_NON_LITERAL_NULL_CONVERSION = YES;
				CLANG_WARN_OBJC_IMPLICIT_RETAIN_SELF = YES;
				CLANG_WARN_OBJC_LITERAL_CONVERSION = YES;
				CLANG_WARN_OBJC_ROOT_CLASS = YES_ERROR;
				CLANG_WARN_QUOTED_INCLUDE_IN_FRAMEWORK_HEADER = YES;
				CLANG_WARN_RANGE_LOOP_ANALYSIS = YES;
				CLANG_WARN_STRICT_PROTOTYPES = YES;
				CLANG_WARN_SUSPICIOUS_MOVE = YES;
				CLANG_WARN_UNGUARDED_AVAILABILITY = YES_AGGRESSIVE;
				CLANG_WARN_UNREACHABLE_CODE = YES;
				CLANG_WARN__DUPLICATE_METHOD_MATCH = YES;
				COPY_PHASE_STRIP = NO;
				DEBUG_INFORMATION_FORMAT = "dwarf-with-dsym";
				ENABLE_NS_ASSERTIONS = NO;
				ENABLE_STRICT_OBJC_MSGSEND = YES;
				GCC_C_LANGUAGE_STANDARD = gnu11;
				GCC_NO_COMMON_BLOCKS = YES;
				GCC_WARN_64_TO_32_BIT_CONVERSION = YES;
				GCC_WARN_ABOUT_RETURN_TYPE = YES_ERROR;
				GCC_WARN_UNDECLARED_SELECTOR = YES;
				GCC_WARN_UNINITIALIZED_AUTOS = YES_AGGRESSIVE;
				GCC_WARN_UNUSED_FUNCTION = YES;
				GCC_WARN_UNUSED_VARIABLE = YES;
				IPHONEOS_DEPLOYMENT_TARGET = 16.1;
				MTL_ENABLE_DEBUG_INFO = NO;
				MTL_FAST_MATH = YES;
				SDKROOT = iphoneos;
				SWIFT_COMPILATION_MODE = wholemodule;
				SWIFT_OPTIMIZATION_LEVEL = "-O";
				VALIDATE_PRODUCT = YES;
			};
			name = Release;
		};
		F1BAB0E22979280A00346AFE /* Debug */ = {
			isa = XCBuildConfiguration;
			buildSettings = {
				ASSETCATALOG_COMPILER_APPICON_NAME = AppIcon;
				ASSETCATALOG_COMPILER_GLOBAL_ACCENT_COLOR_NAME = AccentColor;
				CODE_SIGN_STYLE = Automatic;
				CURRENT_PROJECT_VERSION = 1;
				DEVELOPMENT_TEAM = U3QLWV6K6Y;
				ENABLE_PREVIEWS = YES;
				GENERATE_INFOPLIST_FILE = YES;
				INFOPLIST_FILE = SwiftfulMapApp/Info.plist;
				INFOPLIST_KEY_CFBundleDisplayName = Locations;
				INFOPLIST_KEY_UIApplicationSceneManifest_Generation = YES;
				INFOPLIST_KEY_UIApplicationSupportsIndirectInputEvents = YES;
				INFOPLIST_KEY_UISupportedInterfaceOrientations = UIInterfaceOrientationPortrait;
				INFOPLIST_KEY_UISupportedInterfaceOrientations_iPad = "UIInterfaceOrientationLandscapeLeft UIInterfaceOrientationLandscapeRight UIInterfaceOrientationPortrait UIInterfaceOrientationPortraitUpsideDown";
				IPHONEOS_DEPLOYMENT_TARGET = 15.0;
				LD_RUNPATH_SEARCH_PATHS = (
					"$(inherited)",
					"@executable_path/Frameworks",
				);
				MARKETING_VERSION = 1.0;
				PRODUCT_BUNDLE_IDENTIFIER = com.aali.SwiftfulMapApp;
				PRODUCT_NAME = "$(TARGET_NAME)";
				SWIFT_EMIT_LOC_STRINGS = YES;
				SWIFT_VERSION = 5.0;
				TARGETED_DEVICE_FAMILY = "1,2";
			};
			name = Debug;
		};
		F1BAB0E32979280A00346AFE /* Release */ = {
			isa = XCBuildConfiguration;
			buildSettings = {
				ASSETCATALOG_COMPILER_APPICON_NAME = AppIcon;
				ASSETCATALOG_COMPILER_GLOBAL_ACCENT_COLOR_NAME = AccentColor;
				CODE_SIGN_STYLE = Automatic;
				CURRENT_PROJECT_VERSION = 1;
				DEVELOPMENT_TEAM = U3QLWV6K6Y;
				ENABLE_PREVIEWS = YES;
				GENERATE_INFOPLIST_FILE = YES;
				INFOPLIST_FILE = SwiftfulMapApp/Info.plist;
				INFOPLIST_KEY_CFBundleDisplayName = Locations;
				INFOPLIST_KEY_UIApplicationSceneManifest_Generation = YES;
				INFOPLIST_KEY_UIApplicationSupportsIndirectInputEvents = YES;
				INFOPLIST_KEY_UISupportedInterfaceOrientations = UIInterfaceOrientationPortrait;
				INFOPLIST_KEY_UISupportedInterfaceOrientations_iPad = "UIInterfaceOrientationLandscapeLeft UIInterfaceOrientationLandscapeRight UIInterfaceOrientationPortrait UIInterfaceOrientationPortraitUpsideDown";
				IPHONEOS_DEPLOYMENT_TARGET = 15.0;
				LD_RUNPATH_SEARCH_PATHS = (
					"$(inherited)",
					"@executable_path/Frameworks",
				);
				MARKETING_VERSION = 1.0;
				PRODUCT_BUNDLE_IDENTIFIER = com.aali.SwiftfulMapApp;
				PRODUCT_NAME = "$(TARGET_NAME)";
				SWIFT_EMIT_LOC_STRINGS = YES;
				SWIFT_VERSION = 5.0;
				TARGETED_DEVICE_FAMILY = "1,2";
			};
			name = Release;
		};
/* End XCBuildConfiguration section */

/* Begin XCConfigurationList section */
		F1BAB0CE2979280800346AFE /* Build configuration list for PBXProject "SwiftfulMapApp" */ = {
			isa = XCConfigurationList;
			buildConfigurations = (
				F1BAB0DF2979280A00346AFE /* Debug */,
				F1BAB0E02979280A00346AFE /* Release */,
			);
			defaultConfigurationIsVisible = 0;
			defaultConfigurationName = Release;
		};
		F1BAB0E12979280A00346AFE /* Build configuration list for PBXNativeTarget "SwiftfulMapApp" */ = {
			isa = XCConfigurationList;
			buildConfigurations = (
				F1BAB0E22979280A00346AFE /* Debug */,
				F1BAB0E32979280A00346AFE /* Release */,
			);
			defaultConfigurationIsVisible = 0;
			defaultConfigurationName = Release;
		};
/* End XCConfigurationList section */
	};
	rootObject = F1BAB0CB2979280800346AFE /* Project object */;
}
